
Microsoft Visual Studio Solution File, Format Version 12.00
# Visual Studio Version 17
VisualStudioVersion = 17.9.34622.214
MinimumVisualStudioVersion = 10.0.40219.1
Project("{FAE04EC0-301F-11D3-BF4B-00C04F79EFBC}") = "QLVT_DATHANG", "QLVT_DATHANG\QLVT_DATHANG.csproj", "{742CAFC8-7E70-4806-852D-28EA4FC64316}"
EndProject
Global
	GlobalSection(SolutionConfigurationPlatforms) = preSolution
		Debug|Any CPU = Debug|Any CPU
		Release|Any CPU = Release|Any CPU
	EndGlobalSection
	GlobalSection(ProjectConfigurationPlatforms) = postSolution
		{742CAFC8-7E70-4806-852D-28EA4FC64316}.Debug|Any CPU.ActiveCfg = Debug|Any CPU
		{742CAFC8-7E70-4806-852D-28EA4FC64316}.Debug|Any CPU.Build.0 = Debug|Any CPU
		{742CAFC8-7E70-4806-852D-28EA4FC64316}.Release|Any CPU.ActiveCfg = Release|Any CPU
		{742CAFC8-7E70-4806-852D-28EA4FC64316}.Release|Any CPU.Build.0 = Release|Any CPU
	EndGlobalSection
	GlobalSection(SolutionProperties) = preSolution
		HideSolutionNode = FALSE
	EndGlobalSection
	GlobalSection(ExtensibilityGlobals) = postSolution
		SolutionGuid = {20BA5293-662F-4878-8329-096C8D1A6BB8}
	EndGlobalSection
EndGlobal
